
Microsoft Visual Studio Solution File, Format Version 12.00
# Visual Studio Version 17
VisualStudioVersion = 17.5.33424.131
MinimumVisualStudioVersion = 10.0.40219.1
Project("{FAE04EC0-301F-11D3-BF4B-00C04F79EFBC}") = "EFCoreRelationships", "EFCoreRelationships\EFCoreRelationships.csproj", "{1D9A515F-A4EB-4182-B9A9-835B3A3E77EF}"
EndProject
Global
	GlobalSection(SolutionConfigurationPlatforms) = preSolution
		Debug|Any CPU = Debug|Any CPU
		Release|Any CPU = Release|Any CPU
	EndGlobalSection
	GlobalSection(ProjectConfigurationPlatforms) = postSolution
		{1D9A515F-A4EB-4182-B9A9-835B3A3E77EF}.Debug|Any CPU.ActiveCfg = Debug|Any CPU
		{1D9A515F-A4EB-4182-B9A9-835B3A3E77EF}.Debug|Any CPU.Build.0 = Debug|Any CPU
		{1D9A515F-A4EB-4182-B9A9-835B3A3E77EF}.Release|Any CPU.ActiveCfg = Release|Any CPU
		{1D9A515F-A4EB-4182-B9A9-835B3A3E77EF}.Release|Any CPU.Build.0 = Release|Any CPU
	EndGlobalSection
	GlobalSection(SolutionProperties) = preSolution
		HideSolutionNode = FALSE
	EndGlobalSection
	GlobalSection(ExtensibilityGlobals) = postSolution
		SolutionGuid = {00260F2B-59ED-4F58-A027-995FD1BD6675}
	EndGlobalSection
EndGlobal
